
Microsoft Visual Studio Solution File, Format Version 12.00
# Visual Studio Version 17
VisualStudioVersion = 17.6.33723.286
MinimumVisualStudioVersion = 10.0.40219.1
Project("{9A19103F-16F7-4668-BE54-9A1E7A4F7556}") = "SalasDeEnsayo", "SalasDeEnsayo\SalasDeEnsayo.csproj", "{F8B53D10-B339-43E1-990C-09ECE38D08BF}"
EndProject
Project("{9A19103F-16F7-4668-BE54-9A1E7A4F7556}") = "front", "front\front.csproj", "{C9AFD98A-0903-4C9B-A0F6-25C67B35C73A}"
EndProject
Project("{E53339B2-1760-4266-BCC7-CA923CBCF16C}") = "docker-compose", "docker-compose.dcproj", "{14D5CB96-31F4-4B6B-8BDB-8E60A7FF9228}"
EndProject
Global
	GlobalSection(SolutionConfigurationPlatforms) = preSolution
		Debug|Any CPU = Debug|Any CPU
		Release|Any CPU = Release|Any CPU
	EndGlobalSection
	GlobalSection(ProjectConfigurationPlatforms) = postSolution
		{F8B53D10-B339-43E1-990C-09ECE38D08BF}.Debug|Any CPU.ActiveCfg = Debug|Any CPU
		{F8B53D10-B339-43E1-990C-09ECE38D08BF}.Debug|Any CPU.Build.0 = Debug|Any CPU
		{F8B53D10-B339-43E1-990C-09ECE38D08BF}.Release|Any CPU.ActiveCfg = Release|Any CPU
		{F8B53D10-B339-43E1-990C-09ECE38D08BF}.Release|Any CPU.Build.0 = Release|Any CPU
		{C9AFD98A-0903-4C9B-A0F6-25C67B35C73A}.Debug|Any CPU.ActiveCfg = Debug|Any CPU
		{C9AFD98A-0903-4C9B-A0F6-25C67B35C73A}.Debug|Any CPU.Build.0 = Debug|Any CPU
		{C9AFD98A-0903-4C9B-A0F6-25C67B35C73A}.Release|Any CPU.ActiveCfg = Release|Any CPU
		{C9AFD98A-0903-4C9B-A0F6-25C67B35C73A}.Release|Any CPU.Build.0 = Release|Any CPU
		{14D5CB96-31F4-4B6B-8BDB-8E60A7FF9228}.Debug|Any CPU.ActiveCfg = Debug|Any CPU
		{14D5CB96-31F4-4B6B-8BDB-8E60A7FF9228}.Debug|Any CPU.Build.0 = Debug|Any CPU
		{14D5CB96-31F4-4B6B-8BDB-8E60A7FF9228}.Release|Any CPU.ActiveCfg = Release|Any CPU
		{14D5CB96-31F4-4B6B-8BDB-8E60A7FF9228}.Release|Any CPU.Build.0 = Release|Any CPU
	EndGlobalSection
	GlobalSection(SolutionProperties) = preSolution
		HideSolutionNode = FALSE
	EndGlobalSection
	GlobalSection(ExtensibilityGlobals) = postSolution
		SolutionGuid = {BC4EADB0-4405-4A83-B691-8B0A8C18C13E}
	EndGlobalSection
EndGlobal
